{
  "name": "geo-proto-query",
  "lockfileVersion": 3,
  "requires": true,
  "packages": {
    "": {
      "dependencies": {
        "optional": "^0.1.4"
      }
    },
    "node_modules/optional": {
      "version": "0.1.4",
      "resolved": "https://registry.npmjs.org/optional/-/optional-0.1.4.tgz",
      "integrity": "sha512-gtvrrCfkE08wKcgXaVwQVgwEQ8vel2dc5DDBn9RLQZ3YtmtkBss6A2HY6BnJH4N/4Ku97Ri/SF8sNWE2225WJw==",
      "license": "MIT"
    }
  }
}
